// !$*UTF8*$!
{
	archiveVersion = 1;
	classes = {
	};
	objectVersion = 46;
	objects = {

/* Begin PBXBuildFile section */
		3242E5881E5EC8D90018CAD1 /* main.m in Sources */ = {isa = PBXBuildFile; fileRef = 3242E5871E5EC8D90018CAD1 /* main.m */; };
		3242E58B1E5EC8D90018CAD1 /* AppDelegate.m in Sources */ = {isa = PBXBuildFile; fileRef = 3242E58A1E5EC8D90018CAD1 /* AppDelegate.m */; };
		3242E58E1E5EC8D90018CAD1 /* ViewController.m in Sources */ = {isa = PBXBuildFile; fileRef = 3242E58D1E5EC8D90018CAD1 /* ViewController.m */; };
		3242E5911E5EC8D90018CAD1 /* Main.storyboard in Resources */ = {isa = PBXBuildFile; fileRef = 3242E58F1E5EC8D90018CAD1 /* Main.storyboard */; };
		3242E5931E5EC8D90018CAD1 /* Assets.xcassets in Resources */ = {isa = PBXBuildFile; fileRef = 3242E5921E5EC8D90018CAD1 /* Assets.xcassets */; };
		3242E5961E5EC8D90018CAD1 /* LaunchScreen.storyboard in Resources */ = {isa = PBXBuildFile; fileRef = 3242E5941E5EC8D90018CAD1 /* LaunchScreen.storyboard */; };
/* End PBXBuildFile section */

/* Begin PBXFileReference section */
		3242E5831E5EC8D80018CAD1 /* lii.app */ = {isa = PBXFileReference; explicitFileType = wrapper.application; includeInIndex = 0; path = lii.app; sourceTree = BUILT_PRODUCTS_DIR; };
		3242E5871E5EC8D90018CAD1 /* main.m */ = {isa = PBXFileReference; lastKnownFileType = sourcecode.c.objc; path = main.m; sourceTree = "<group>"; };
		3242E5891E5EC8D90018CAD1 /* AppDelegate.h */ = {isa = PBXFileReference; lastKnownFileType = sourcecode.c.h; path = AppDelegate.h; sourceTree = "<group>"; };
		3242E58A1E5EC8D90018CAD1 /* AppDelegate.m */ = {isa = PBXFileReference; lastKnownFileType = sourcecode.c.objc; path = AppDelegate.m; sourceTree = "<group>"; };
		3242E58C1E5EC8D90018CAD1 /* ViewController.h */ = {isa = PBXFileReference; lastKnownFileType = sourcecode.c.h; path = ViewController.h; sourceTree = "<group>"; };
		3242E58D1E5EC8D90018CAD1 /* ViewController.m */ = {isa = PBXFileReference; lastKnownFileType = sourcecode.c.objc; path = ViewController.m; sourceTree = "<group>"; };
		3242E5901E5EC8D90018CAD1 /* Base */ = {isa = PBXFileReference; lastKnownFileType = file.storyboard; name = Base; path = Base.lproj/Main.storyboard; sourceTree = "<group>"; };
		3242E5921E5EC8D90018CAD1 /* Assets.xcassets */ = {isa = PBXFileReference; lastKnownFileType = folder.assetcatalog; path = Assets.xcassets; sourceTree = "<group>"; };
		3242E5951E5EC8D90018CAD1 /* Base */ = {isa = PBXFileReference; lastKnownFileType = file.storyboard; name = Base; path = Base.lproj/LaunchScreen.storyboard; sourceTree = "<group>"; };
		3242E5971E5EC8D90018CAD1 /* Info.plist */ = {isa = PBXFileReference; lastKnownFileType = text.plist.xml; path = Info.plist; sourceTree = "<group>"; };
/* End PBXFileReference section */

/* Begin PBXFrameworksBuildPhase section */
		3242E5801E5EC8D80018CAD1 /* Frameworks */ = {
			isa = PBXFrameworksBuildPhase;
			buildActionMask = 2147483647;
			files = (
			);
			runOnlyForDeploymentPostprocessing = 0;
		};
/* End PBXFrameworksBuildPhase section */

/* Begin PBXGroup section */
		3242E57A1E5EC8D80018CAD1 = {
			isa = PBXGroup;
			children = (
				3242E5851E5EC8D80018CAD1 /* lii */,
				3242E5841E5EC8D80018CAD1 /* Products */,
			);
			sourceTree = "<group>";
		};
		3242E5841E5EC8D80018CAD1 /* Products */ = {
			isa = PBXGroup;
			children = (
				3242E5831E5EC8D80018CAD1 /* lii.app */,
			);
			name = Products;
			sourceTree = "<group>";
		};
		3242E5851E5EC8D80018CAD1 /* lii */ = {
			isa = PBXGroup;
			children = (
				3242E5891E5EC8D90018CAD1 /* AppDelegate.h */,
				3242E58A1E5EC8D90018CAD1 /* AppDelegate.m */,
				3242E58C1E5EC8D90018CAD1 /* ViewController.h */,
				3242E58D1E5EC8D90018CAD1 /* ViewController.m */,
				3242E58F1E5EC8D90018CAD1 /* Main.storyboard */,
				3242E5921E5EC8D90018CAD1 /* Assets.xcassets */,
				3242E5941E5EC8D90018CAD1 /* LaunchScreen.storyboard */,
				3242E5971E5EC8D90018CAD1 /* Info.plist */,
				3242E5861E5EC8D80018CAD1 /* Supporting Files */,
			);
			path = lii;
			sourceTree = "<group>";
		};
		3242E5861E5EC8D80018CAD1 /* Supporting Files */ = {
			isa = PBXGroup;
			children = (
				3242E5871E5EC8D90018CAD1 /* main.m */,
			);
			name = "Supporting Files";
			sourceTree = "<group>";
		};
/* End PBXGroup section */

/* Begin PBXNativeTarget section */
		3242E5821E5EC8D80018CAD1 /* lii */ = {
			isa = PBXNativeTarget;
			buildConfigurationList = 3242E59A1E5EC8D90018CAD1 /* Build configuration list for PBXNativeTarget "lii" */;
			buildPhases = (
				3242E57F1E5EC8D80018CAD1 /* Sources */,
				3242E5801E5EC8D80018CAD1 /* Frameworks */,
				3242E5811E5EC8D80018CAD1 /* Resources */,
			);
			buildRules = (
			);
			dependencies = (
			);
			name = lii;
			productName = lii;
			productReference = 3242E5831E5EC8D80018CAD1 /* lii.app */;
			productType = "com.apple.product-type.application";
		};
/* End PBXNativeTarget section */

/* Begin PBXProject section */
		3242E57B1E5EC8D80018CAD1 /* Project object */ = {
			isa = PBXProject;
			attributes = {
				LastUpgradeCheck = 0720;
				ORGANIZATIONNAME = "软件工程系01";
				TargetAttributes = {
					3242E5821E5EC8D80018CAD1 = {
						CreatedOnToolsVersion = 7.2;
						DevelopmentTeam = D7L9V4M55W;
					};
				};
			};
			buildConfigurationList = 3242E57E1E5EC8D80018CAD1 /* Build configuration list for PBXProject "lii" */;
			compatibilityVersion = "Xcode 3.2";
			developmentRegion = English;
			hasScannedForEncodings = 0;
			knownRegions = (
				en,
				Base,
			);
			mainGroup = 3242E57A1E5EC8D80018CAD1;
			productRefGroup = 3242E5841E5EC8D80018CAD1 /* Products */;
			projectDirPath = "";
			projectRoot = "";
			targets = (
				3242E5821E5EC8D80018CAD1 /* lii */,
			);
		};
/* End PBXProject section */

/* Begin PBXResourcesBuildPhase section */
		3242E5811E5EC8D80018CAD1 /* Resources */ = {
			isa = PBXResourcesBuildPhase;
			buildActionMask = 2147483647;
			files = (
				3242E5961E5EC8D90018CAD1 /* LaunchScreen.storyboard in Resources */,
				3242E5931E5EC8D90018CAD1 /* Assets.xcassets in Resources */,
				3242E5911E5EC8D90018CAD1 /* Main.storyboard in Resources */,
			);
			runOnlyForDeploymentPostprocessing = 0;
		};
/* End PBXResourcesBuildPhase section */

/* Begin PBXSourcesBuildPhase section */
		3242E57F1E5EC8D80018CAD1 /* Sources */ = {
			isa = PBXSourcesBuildPhase;
			buildActionMask = 2147483647;
			files = (
				3242E58E1E5EC8D90018CAD1 /* ViewController.m in Sources */,
				3242E58B1E5EC8D90018CAD1 /* AppDelegate.m in Sources */,
				3242E5881E5EC8D90018CAD1 /* main.m in Sources */,
			);
			runOnlyForDeploymentPostprocessing = 0;
		};
/* End PBXSourcesBuildPhase section */

/* Begin PBXVariantGroup section */
		3242E58F1E5EC8D90018CAD1 /* Main.storyboard */ = {
			isa = PBXVariantGroup;
			children = (
				3242E5901E5EC8D90018CAD1 /* Base */,
			);
			name = Main.storyboard;
			sourceTree = "<group>";
		};
		3242E5941E5EC8D90018CAD1 /* LaunchScreen.storyboard */ = {
			isa = PBXVariantGroup;
			children = (
				3242E5951E5EC8D90018CAD1 /* Base */,
			);
			name = LaunchScreen.storyboard;
			sourceTree = "<group>";
		};
/* End PBXVariantGroup section */

/* Begin XCBuildConfiguration section */
		3242E5981E5EC8D90018CAD1 /* Debug */ = {
			isa = XCBuildConfiguration;
			buildSettings = {
				ALWAYS_SEARCH_USER_PATHS = NO;
				CLANG_CXX_LANGUAGE_STANDARD = "gnu++0x";
				CLANG_CXX_LIBRARY = "libc++";
				CLANG_ENABLE_MODULES = YES;
				CLANG_ENABLE_OBJC_ARC = YES;
				CLANG_WARN_BOOL_CONVERSION = YES;
				CLANG_WARN_CONSTANT_CONVERSION = YES;
				CLANG_WARN_DIRECT_OBJC_ISA_USAGE = YES_ERROR;
				CLANG_WARN_EMPTY_BODY = YES;
				CLANG_WARN_ENUM_CONVERSION = YES;
				CLANG_WARN_INT_CONVERSION = YES;
				CLANG_WARN_OBJC_ROOT_CLASS = YES_ERROR;
				CLANG_WARN_UNREACHABLE_CODE = YES;
				CLANG_WARN__DUPLICATE_METHOD_MATCH = YES;
				"CODE_SIGN_IDENTITY[sdk=iphoneos*]" = "iPhone Developer";
				COPY_PHASE_STRIP = NO;
				DEBUG_INFORMATION_FORMAT = dwarf;
				ENABLE_STRICT_OBJC_MSGSEND = YES;
				ENABLE_TESTABILITY = YES;
				GCC_C_LANGUAGE_STANDARD = gnu99;
				GCC_DYNAMIC_NO_PIC = NO;
				GCC_NO_COMMON_BLOCKS = YES;
				GCC_OPTIMIZATION_LEVEL = 0;
				GCC_PREPROCESSOR_DEFINITIONS = (
					"DEBUG=1",
					"$(inherited)",
				);
				GCC_WARN_64_TO_32_BIT_CONVERSION = YES;
				GCC_WARN_ABOUT_RETURN_TYPE = YES_ERROR;
				GCC_WARN_UNDECLARED_SELECTOR = YES;
				GCC_WARN_UNINITIALIZED_AUTOS = YES_AGGRESSIVE;
				GCC_WARN_UNUSED_FUNCTION = YES;
				GCC_WARN_UNUSED_VARIABLE = YES;
				IPHONEOS_DEPLOYMENT_TARGET = 9.2;
				MTL_ENABLE_DEBUG_INFO = YES;
				ONLY_ACTIVE_ARCH = YES;
				SDKROOT = iphoneos;
			};
			name = Debug;
		};
		3242E5991E5EC8D90018CAD1 /* Release */ = {
			isa = XCBuildConfiguration;
			buildSettings = {
				ALWAYS_SEARCH_USER_PATHS = NO;
				CLANG_CXX_LANGUAGE_STANDARD = "gnu++0x";
				CLANG_CXX_LIBRARY = "libc++";
				CLANG_ENABLE_MODULES = YES;
				CLANG_ENABLE_OBJC_ARC = YES;
				CLANG_WARN_BOOL_CONVERSION = YES;
				CLANG_WARN_CONSTANT_CONVERSION = YES;
				CLANG_WARN_DIRECT_OBJC_ISA_USAGE = YES_ERROR;
				CLANG_WARN_EMPTY_BODY = YES;
				CLANG_WARN_ENUM_CONVERSION = YES;
				CLANG_WARN_INT_CONVERSION = YES;
				CLANG_WARN_OBJC_ROOT_CLASS = YES_ERROR;
				CLANG_WARN_UNREACHABLE_CODE = YES;
				CLANG_WARN__DUPLICATE_METHOD_MATCH = YES;
				"CODE_SIGN_IDENTITY[sdk=iphoneos*]" = "iPhone Developer";
				COPY_PHASE_STRIP = NO;
				DEBUG_INFORMATION_FORMAT = "dwarf-with-dsym";
				ENABLE_NS_ASSERTIONS = NO;
				ENABLE_STRICT_OBJC_MSGSEND = YES;
				GCC_C_LANGUAGE_STANDARD = gnu99;
				GCC_NO_COMMON_BLOCKS = YES;
				GCC_WARN_64_TO_32_BIT_CONVERSION = YES;
				GCC_WARN_ABOUT_RETURN_TYPE = YES_ERROR;
				GCC_WARN_UNDECLARED_SELECTOR = YES;
				GCC_WARN_UNINITIALIZED_AUTOS = YES_AGGRESSIVE;
				GCC_WARN_UNUSED_FUNCTION = YES;
				GCC_WARN_UNUSED_VARIABLE = YES;
				IPHONEOS_DEPLOYMENT_TARGET = 9.2;
				MTL_ENABLE_DEBUG_INFO = NO;
				SDKROOT = iphoneos;
				VALIDATE_PRODUCT = YES;
			};
			name = Release;
		};
		3242E59B1E5EC8D90018CAD1 /* Debug */ = {
			isa = XCBuildConfiguration;
			buildSettings = {
				ASSETCATALOG_COMPILER_APPICON_NAME = AppIcon;
				INFOPLIST_FILE = lii/Info.plist;
				IPHONEOS_DEPLOYMENT_TARGET = 8.4;
				LD_RUNPATH_SEARCH_PATHS = "$(inherited) @executable_path/Frameworks";
				PRODUCT_BUNDLE_IDENTIFIER = wwantong.ysu.lii;
				PRODUCT_NAME = "$(TARGET_NAME)";
			};
			name = Debug;
		};
		3242E59C1E5EC8D90018CAD1 /* Release */ = {
			isa = XCBuildConfiguration;
			buildSettings = {
				ASSETCATALOG_COMPILER_APPICON_NAME = AppIcon;
				INFOPLIST_FILE = lii/Info.plist;
				IPHONEOS_DEPLOYMENT_TARGET = 8.4;
				LD_RUNPATH_SEARCH_PATHS = "$(inherited) @executable_path/Frameworks";
				PRODUCT_BUNDLE_IDENTIFIER = wwantong.ysu.lii;
				PRODUCT_NAME = "$(TARGET_NAME)";
			};
			name = Release;
		};
/* End XCBuildConfiguration section */

/* Begin XCConfigurationList section */
		3242E57E1E5EC8D80018CAD1 /* Build configuration list for PBXProject "lii" */ = {
			isa = XCConfigurationList;
			buildConfigurations = (
				3242E5981E5EC8D90018CAD1 /* Debug */,
				3242E5991E5EC8D90018CAD1 /* Release */,
			);
			defaultConfigurationIsVisible = 0;
			defaultConfigurationName = Release;
		};
		3242E59A1E5EC8D90018CAD1 /* Build configuration list for PBXNativeTarget "lii" */ = {
			isa = XCConfigurationList;
			buildConfigurations = (
				3242E59B1E5EC8D90018CAD1 /* Debug */,
				3242E59C1E5EC8D90018CAD1 /* Release */,
			);
			defaultConfigurationIsVisible = 0;
			defaultConfigurationName = Release;
		};
/* End XCConfigurationList section */
	};
	rootObject = 3242E57B1E5EC8D80018CAD1 /* Project object */;
}
